# This file is automatically @generated by Wally.
# It is not intended for manual editing.
registry = "test"

[[package]]
name = "baopi/game"
version = "0.1.0"
dependencies = [["Charm", "littensy/charm@0.7.6"], ["ColourUtils", "csqrl/colour-utils@1.4.1"], ["Fusion", "elttob/fusion@0.2.0"], ["FusionRodux", "vflour/fusionrodux-2@0.1.32"], ["OnyxUI", "imavafe/onyx-ui@1.0.4"], ["Promise", "evaera/promise@4.0.0"], ["Rodux", "roblox/rodux@3.0.0"], ["TestEZ", "roblox/testez@0.4.1"]]

[[package]]
name = "csqrl/colour-utils"
version = "1.4.1"
dependencies = []

[[package]]
name = "elttob/fusion"
version = "0.2.0"
dependencies = []

[[package]]
name = "elttob/fusion"
version = "0.3.0"
dependencies = []

[[package]]
name = "evaera/promise"
version = "4.0.0"
dependencies = []

[[package]]
name = "imavafe/onyx-ui"
version = "1.0.4"
dependencies = [["ColorUtils", "csqrl/colour-utils@1.4.1"], ["Fusion", "elttob/fusion@0.3.0"]]

[[package]]
name = "littensy/charm"
version = "0.7.6"
dependencies = [["Promise", "evaera/promise@4.0.0"]]

[[package]]
name = "roblox/rodux"
version = "3.0.0"
dependencies = []

[[package]]
name = "roblox/testez"
version = "0.4.1"
dependencies = []

[[package]]
name = "vflour/fusionrodux-2"
version = "0.1.32"
dependencies = [["Fusion", "elttob/fusion@0.2.0"], ["Rodux", "roblox/rodux@3.0.0"]]
